
Microsoft Visual Studio Solution File, Format Version 12.00
# Visual Studio 15
VisualStudioVersion = 15.0.28307.572
MinimumVisualStudioVersion = 10.0.40219.1
Project("{FAE04EC0-301F-11D3-BF4B-00C04F79EFBC}") = "APOApplication", "APOApplication\APOApplication.csproj", "{373DFAF1-8928-437A-95DA-11B10DDA967A}"
EndProject
Global
	GlobalSection(SolutionConfigurationPlatforms) = preSolution
		Debug|Any CPU = Debug|Any CPU
		Release|Any CPU = Release|Any CPU
	EndGlobalSection
	GlobalSection(ProjectConfigurationPlatforms) = postSolution
		{373DFAF1-8928-437A-95DA-11B10DDA967A}.Debug|Any CPU.ActiveCfg = Debug|Any CPU
		{373DFAF1-8928-437A-95DA-11B10DDA967A}.Debug|Any CPU.Build.0 = Debug|Any CPU
		{373DFAF1-8928-437A-95DA-11B10DDA967A}.Release|Any CPU.ActiveCfg = Release|Any CPU
		{373DFAF1-8928-437A-95DA-11B10DDA967A}.Release|Any CPU.Build.0 = Release|Any CPU
	EndGlobalSection
	GlobalSection(SolutionProperties) = preSolution
		HideSolutionNode = FALSE
	EndGlobalSection
	GlobalSection(ExtensibilityGlobals) = postSolution
		SolutionGuid = {BCF7048C-B3D8-4E61-A62C-1585BA05D09C}
	EndGlobalSection
EndGlobal
